
Microsoft Visual Studio Solution File, Format Version 12.00
# Visual Studio Version 16
VisualStudioVersion = 16.0.31729.503
MinimumVisualStudioVersion = 10.0.40219.1
Project("{8BC9CEB8-8B4A-11D0-8D11-00A0C91BC942}") = "NEWHOMEWORK1", "NEWHOMEWORK1\NEWHOMEWORK1.vcxproj", "{0C986309-5448-4214-BA1E-3BEB8068DD28}"
EndProject
Global
	GlobalSection(SolutionConfigurationPlatforms) = preSolution
		Debug|x64 = Debug|x64
		Debug|x86 = Debug|x86
		Release|x64 = Release|x64
		Release|x86 = Release|x86
	EndGlobalSection
	GlobalSection(ProjectConfigurationPlatforms) = postSolution
		{0C986309-5448-4214-BA1E-3BEB8068DD28}.Debug|x64.ActiveCfg = Debug|x64
		{0C986309-5448-4214-BA1E-3BEB8068DD28}.Debug|x64.Build.0 = Debug|x64
		{0C986309-5448-4214-BA1E-3BEB8068DD28}.Debug|x86.ActiveCfg = Debug|Win32
		{0C986309-5448-4214-BA1E-3BEB8068DD28}.Debug|x86.Build.0 = Debug|Win32
		{0C986309-5448-4214-BA1E-3BEB8068DD28}.Release|x64.ActiveCfg = Release|x64
		{0C986309-5448-4214-BA1E-3BEB8068DD28}.Release|x64.Build.0 = Release|x64
		{0C986309-5448-4214-BA1E-3BEB8068DD28}.Release|x86.ActiveCfg = Release|Win32
		{0C986309-5448-4214-BA1E-3BEB8068DD28}.Release|x86.Build.0 = Release|Win32
	EndGlobalSection
	GlobalSection(SolutionProperties) = preSolution
		HideSolutionNode = FALSE
	EndGlobalSection
	GlobalSection(ExtensibilityGlobals) = postSolution
		SolutionGuid = {936A23A5-C826-4376-B0DC-4EA0D3996315}
	EndGlobalSection
EndGlobal
